
Microsoft Visual Studio Solution File, Format Version 12.00
# Visual Studio Version 17
VisualStudioVersion = 17.13.35931.197 d17.13
MinimumVisualStudioVersion = 10.0.40219.1
Project("{FAE04EC0-301F-11D3-BF4B-00C04F79EFBC}") = "HTLVBFingerflitzer.Web", "HTLVBFingerflitzer.Web\HTLVBFingerflitzer.Web.csproj", "{D26730E7-7C9B-4F34-B6EE-D4E4A9114524}"
EndProject
Global
	GlobalSection(SolutionConfigurationPlatforms) = preSolution
		Debug|Any CPU = Debug|Any CPU
		Release|Any CPU = Release|Any CPU
	EndGlobalSection
	GlobalSection(ProjectConfigurationPlatforms) = postSolution
		{D26730E7-7C9B-4F34-B6EE-D4E4A9114524}.Debug|Any CPU.ActiveCfg = Debug|Any CPU
		{D26730E7-7C9B-4F34-B6EE-D4E4A9114524}.Debug|Any CPU.Build.0 = Debug|Any CPU
		{D26730E7-7C9B-4F34-B6EE-D4E4A9114524}.Release|Any CPU.ActiveCfg = Release|Any CPU
		{D26730E7-7C9B-4F34-B6EE-D4E4A9114524}.Release|Any CPU.Build.0 = Release|Any CPU
	EndGlobalSection
	GlobalSection(SolutionProperties) = preSolution
		HideSolutionNode = FALSE
	EndGlobalSection
	GlobalSection(ExtensibilityGlobals) = postSolution
		SolutionGuid = {1CD01CB1-08C8-4F2E-8D45-E3C6501E582A}
	EndGlobalSection
EndGlobal
